
Microsoft Visual Studio Solution File, Format Version 12.00
# Visual Studio Version 17
VisualStudioVersion = 17.8.34330.188
MinimumVisualStudioVersion = 10.0.40219.1
Project("{9A19103F-16F7-4668-BE54-9A1E7A4F7556}") = "SistemaVentas", "SistemaVentas\SistemaVentas\SistemaVentas.csproj", "{C9FBFE4F-F97D-430E-9589-F54A1E3B55A8}"
EndProject
Project("{9A19103F-16F7-4668-BE54-9A1E7A4F7556}") = "SistemaVentas.Client", "SistemaVentas\SistemaVentas.Client\SistemaVentas.Client.csproj", "{9EA4FC97-84B4-435F-9948-AA5ADF104241}"
EndProject
Project("{9A19103F-16F7-4668-BE54-9A1E7A4F7556}") = "SistemaVentas.Models", "Library\SistemaVentas.Models.csproj", "{F3876B79-FCDD-4A5C-9C5C-A66DA3ED5913}"
EndProject
Project("{9A19103F-16F7-4668-BE54-9A1E7A4F7556}") = "SistemaVentas.Services", "SistemaVentas.Services\SistemaVentas.Services.csproj", "{60740C9B-4E1E-45FF-AB5A-FC21C038D906}"
EndProject
Global
	GlobalSection(SolutionConfigurationPlatforms) = preSolution
		Debug|Any CPU = Debug|Any CPU
		Release|Any CPU = Release|Any CPU
	EndGlobalSection
	GlobalSection(ProjectConfigurationPlatforms) = postSolution
		{C9FBFE4F-F97D-430E-9589-F54A1E3B55A8}.Debug|Any CPU.ActiveCfg = Debug|Any CPU
		{C9FBFE4F-F97D-430E-9589-F54A1E3B55A8}.Debug|Any CPU.Build.0 = Debug|Any CPU
		{C9FBFE4F-F97D-430E-9589-F54A1E3B55A8}.Release|Any CPU.ActiveCfg = Release|Any CPU
		{C9FBFE4F-F97D-430E-9589-F54A1E3B55A8}.Release|Any CPU.Build.0 = Release|Any CPU
		{9EA4FC97-84B4-435F-9948-AA5ADF104241}.Debug|Any CPU.ActiveCfg = Debug|Any CPU
		{9EA4FC97-84B4-435F-9948-AA5ADF104241}.Debug|Any CPU.Build.0 = Debug|Any CPU
		{9EA4FC97-84B4-435F-9948-AA5ADF104241}.Release|Any CPU.ActiveCfg = Release|Any CPU
		{9EA4FC97-84B4-435F-9948-AA5ADF104241}.Release|Any CPU.Build.0 = Release|Any CPU
		{F3876B79-FCDD-4A5C-9C5C-A66DA3ED5913}.Debug|Any CPU.ActiveCfg = Debug|Any CPU
		{F3876B79-FCDD-4A5C-9C5C-A66DA3ED5913}.Debug|Any CPU.Build.0 = Debug|Any CPU
		{F3876B79-FCDD-4A5C-9C5C-A66DA3ED5913}.Release|Any CPU.ActiveCfg = Release|Any CPU
		{F3876B79-FCDD-4A5C-9C5C-A66DA3ED5913}.Release|Any CPU.Build.0 = Release|Any CPU
		{60740C9B-4E1E-45FF-AB5A-FC21C038D906}.Debug|Any CPU.ActiveCfg = Debug|Any CPU
		{60740C9B-4E1E-45FF-AB5A-FC21C038D906}.Debug|Any CPU.Build.0 = Debug|Any CPU
		{60740C9B-4E1E-45FF-AB5A-FC21C038D906}.Release|Any CPU.ActiveCfg = Release|Any CPU
		{60740C9B-4E1E-45FF-AB5A-FC21C038D906}.Release|Any CPU.Build.0 = Release|Any CPU
	EndGlobalSection
	GlobalSection(SolutionProperties) = preSolution
		HideSolutionNode = FALSE
	EndGlobalSection
	GlobalSection(ExtensibilityGlobals) = postSolution
		SolutionGuid = {F41C94CD-F1B2-4BA8-876E-AEE9A6BC6BC1}
	EndGlobalSection
EndGlobal
